
Microsoft Visual Studio Solution File, Format Version 12.00
# Visual Studio 15
VisualStudioVersion = 15.0.28010.2050
MinimumVisualStudioVersion = 10.0.40219.1
Project("{FAE04EC0-301F-11D3-BF4B-00C04F79EFBC}") = "ProjetProgSys_PPC", "ProjetProgSys_PPC\ProjetProgSys_PPC.csproj", "{FA47DE3C-5841-414C-A13F-C2B81E8AD37D}"
EndProject
Global
	GlobalSection(SolutionConfigurationPlatforms) = preSolution
		Debug|Any CPU = Debug|Any CPU
		Release|Any CPU = Release|Any CPU
	EndGlobalSection
	GlobalSection(ProjectConfigurationPlatforms) = postSolution
		{FA47DE3C-5841-414C-A13F-C2B81E8AD37D}.Debug|Any CPU.ActiveCfg = Debug|Any CPU
		{FA47DE3C-5841-414C-A13F-C2B81E8AD37D}.Debug|Any CPU.Build.0 = Debug|Any CPU
		{FA47DE3C-5841-414C-A13F-C2B81E8AD37D}.Release|Any CPU.ActiveCfg = Release|Any CPU
		{FA47DE3C-5841-414C-A13F-C2B81E8AD37D}.Release|Any CPU.Build.0 = Release|Any CPU
	EndGlobalSection
	GlobalSection(SolutionProperties) = preSolution
		HideSolutionNode = FALSE
	EndGlobalSection
	GlobalSection(ExtensibilityGlobals) = postSolution
		SolutionGuid = {7D32C9BA-B9C5-4ADB-BDFB-B07508529483}
	EndGlobalSection
EndGlobal
