
Microsoft Visual Studio Solution File, Format Version 12.00
# Visual Studio 15
VisualStudioVersion = 15.0.28010.2050
MinimumVisualStudioVersion = 10.0.40219.1
Project("{9A19103F-16F7-4668-BE54-9A1E7A4F7556}") = "PPS_Cuisine", "ProjetProgSys_PPC\PPS_Cuisine.csproj", "{FA47DE3C-5841-414C-A13F-C2B81E8AD37D}"
EndProject
Project("{FAE04EC0-301F-11D3-BF4B-00C04F79EFBC}") = "PPS_DLL", "PPS_DLL\PPS_DLL.csproj", "{CA946A4E-52EE-4FF4-9B80-AB3E57C1C558}"
EndProject
Project("{FAE04EC0-301F-11D3-BF4B-00C04F79EFBC}") = "PPS_WPF", "PPS_WPF2\PPS_WPF.csproj", "{022F5B27-F476-4B26-8F37-E78448B693F7}"
EndProject
Global
	GlobalSection(SolutionConfigurationPlatforms) = preSolution
		Debug|Any CPU = Debug|Any CPU
		Release|Any CPU = Release|Any CPU
	EndGlobalSection
	GlobalSection(ProjectConfigurationPlatforms) = postSolution
		{FA47DE3C-5841-414C-A13F-C2B81E8AD37D}.Debug|Any CPU.ActiveCfg = Debug|Any CPU
		{FA47DE3C-5841-414C-A13F-C2B81E8AD37D}.Debug|Any CPU.Build.0 = Debug|Any CPU
		{FA47DE3C-5841-414C-A13F-C2B81E8AD37D}.Release|Any CPU.ActiveCfg = Release|Any CPU
		{FA47DE3C-5841-414C-A13F-C2B81E8AD37D}.Release|Any CPU.Build.0 = Release|Any CPU
		{CA946A4E-52EE-4FF4-9B80-AB3E57C1C558}.Debug|Any CPU.ActiveCfg = Debug|Any CPU
		{CA946A4E-52EE-4FF4-9B80-AB3E57C1C558}.Debug|Any CPU.Build.0 = Debug|Any CPU
		{CA946A4E-52EE-4FF4-9B80-AB3E57C1C558}.Release|Any CPU.ActiveCfg = Release|Any CPU
		{CA946A4E-52EE-4FF4-9B80-AB3E57C1C558}.Release|Any CPU.Build.0 = Release|Any CPU
		{022F5B27-F476-4B26-8F37-E78448B693F7}.Debug|Any CPU.ActiveCfg = Debug|Any CPU
		{022F5B27-F476-4B26-8F37-E78448B693F7}.Debug|Any CPU.Build.0 = Debug|Any CPU
		{022F5B27-F476-4B26-8F37-E78448B693F7}.Release|Any CPU.ActiveCfg = Release|Any CPU
		{022F5B27-F476-4B26-8F37-E78448B693F7}.Release|Any CPU.Build.0 = Release|Any CPU
	EndGlobalSection
	GlobalSection(SolutionProperties) = preSolution
		HideSolutionNode = FALSE
	EndGlobalSection
	GlobalSection(ExtensibilityGlobals) = postSolution
		SolutionGuid = {7D32C9BA-B9C5-4ADB-BDFB-B07508529483}
	EndGlobalSection
EndGlobal
